
Microsoft Visual Studio Solution File, Format Version 12.00
# Visual Studio Version 16
VisualStudioVersion = 16.0.32228.343
MinimumVisualStudioVersion = 10.0.40219.1
Project("{9A19103F-16F7-4668-BE54-9A1E7A4F7556}") = "RedListDemo", "RedListDemo\RedListDemo.csproj", "{EA88EA9B-392D-4EEB-ACFD-891AAC78C29B}"
EndProject
Project("{9A19103F-16F7-4668-BE54-9A1E7A4F7556}") = "RedisListTools", "RedisListTools\RedisListTools.csproj", "{A9144119-1B09-4246-8F9D-E829CA4787DE}"
EndProject
Global
	GlobalSection(SolutionConfigurationPlatforms) = preSolution
		Debug|Any CPU = Debug|Any CPU
		Release|Any CPU = Release|Any CPU
	EndGlobalSection
	GlobalSection(ProjectConfigurationPlatforms) = postSolution
		{EA88EA9B-392D-4EEB-ACFD-891AAC78C29B}.Debug|Any CPU.ActiveCfg = Debug|Any CPU
		{EA88EA9B-392D-4EEB-ACFD-891AAC78C29B}.Debug|Any CPU.Build.0 = Debug|Any CPU
		{EA88EA9B-392D-4EEB-ACFD-891AAC78C29B}.Release|Any CPU.ActiveCfg = Release|Any CPU
		{EA88EA9B-392D-4EEB-ACFD-891AAC78C29B}.Release|Any CPU.Build.0 = Release|Any CPU
		{A9144119-1B09-4246-8F9D-E829CA4787DE}.Debug|Any CPU.ActiveCfg = Debug|Any CPU
		{A9144119-1B09-4246-8F9D-E829CA4787DE}.Debug|Any CPU.Build.0 = Debug|Any CPU
		{A9144119-1B09-4246-8F9D-E829CA4787DE}.Release|Any CPU.ActiveCfg = Release|Any CPU
		{A9144119-1B09-4246-8F9D-E829CA4787DE}.Release|Any CPU.Build.0 = Release|Any CPU
	EndGlobalSection
	GlobalSection(SolutionProperties) = preSolution
		HideSolutionNode = FALSE
	EndGlobalSection
	GlobalSection(ExtensibilityGlobals) = postSolution
		SolutionGuid = {541E5365-98D9-4156-BF4C-F2E3B1A273D4}
	EndGlobalSection
EndGlobal
